// !$*UTF8*$!
{
	archiveVersion = 1;
	classes = {
	};
	objectVersion = 56;
	objects = {

/* Begin PBXBuildFile section */
		A10000000000000000000001 /* App.swift in Sources */ = {isa = PBXBuildFile; fileRef = A20000000000000000000001 /* App.swift */; };
/* End PBXBuildFile section */

/* Begin PBXFileReference section */
		A20000000000000000000000 /* iPhoneGPSLocationHelper.app */ = {isa = PBXFileReference; explicitFileType = wrapper.application; includeInIndex = 0; path = iPhoneGPSLocationHelper.app; sourceTree = BUILT_PRODUCTS_DIR; };
		A20000000000000000000001 /* App.swift */ = {isa = PBXFileReference; lastKnownFileType = sourcecode.swift; path = App.swift; sourceTree = "<group>"; };
		A20000000000000000000002 /* Info.plist */ = {isa = PBXFileReference; lastKnownFileType = text.plist.xml; path = Info.plist; sourceTree = "<group>"; };
/* End PBXFileReference section */

/* Begin PBXFrameworksBuildPhase section */
		A30000000000000000000001 /* Frameworks */ = {
			isa = PBXFrameworksBuildPhase;
			buildActionMask = 2147483647;
			files = (
			);
			runOnlyForDeploymentPostprocessing = 0;
		};
/* End PBXFrameworksBuildPhase section */

/* Begin PBXGroup section */
		A40000000000000000000000 = {
			isa = PBXGroup;
			children = (
				A40000000000000000000001 /* iPhoneGPSLocationHelper */,
				A40000000000000000000002 /* Products */,
			);
			sourceTree = "<group>";
		};
		A40000000000000000000001 /* iPhoneGPSLocationHelper */ = {
			isa = PBXGroup;
			children = (
				A20000000000000000000001 /* App.swift */,
				A20000000000000000000002 /* Info.plist */,
			);
			sourceTree = "<group>";
		};
		A40000000000000000000002 /* Products */ = {
			isa = PBXGroup;
			children = (
				A20000000000000000000000 /* iPhoneGPSLocationHelper.app */,
			);
			name = Products;
			sourceTree = "<group>";
		};
/* End PBXGroup section */

/* Begin PBXNativeTarget section */
		A50000000000000000000001 /* iPhoneGPSLocationHelper */ = {
			isa = PBXNativeTarget;
			buildConfigurationList = A60000000000000000000002 /* Build configuration list for PBXNativeTarget "iPhoneGPSLocationHelper" */;
			buildPhases = (
				A30000000000000000000001 /* Frameworks */,
				A70000000000000000000001 /* Sources */,
				A80000000000000000000001 /* Resources */,
			);
			buildRules = (
			);
			dependencies = (
			);
			name = iPhoneGPSLocationHelper;
			productName = iPhoneGPSLocationHelper;
			productReference = A20000000000000000000000 /* iPhoneGPSLocationHelper.app */;
			productType = "com.apple.product-type.application";
		};
/* End PBXNativeTarget section */

/* Begin PBXProject section */
		A90000000000000000000001 /* Project object */ = {
			isa = PBXProject;
			attributes = {
				LastUpgradeCheck = 1600;
				TargetAttributes = {
					A50000000000000000000001 = {
						CreatedOnToolsVersion = 16.0;
					};
				};
			};
			buildConfigurationList = A60000000000000000000001 /* Build configuration list for PBXProject "iPhoneGPSLocationHelper" */;
			compatibilityVersion = "Xcode 15.0";
			developmentRegion = en;
			hasScannedForEncodings = 0;
			knownRegions = (
				en,
				Base,
			);
			mainGroup = A40000000000000000000000;
			productRefGroup = A40000000000000000000002 /* Products */;
			projectDirPath = "";
			projectRoot = "";
			targets = (
				A50000000000000000000001 /* iPhoneGPSLocationHelper */,
			);
		};
/* End PBXProject section */

/* Begin PBXResourcesBuildPhase section */
		A80000000000000000000001 /* Resources */ = {
			isa = PBXResourcesBuildPhase;
			buildActionMask = 2147483647;
			files = (
			);
			runOnlyForDeploymentPostprocessing = 0;
		};
/* End PBXResourcesBuildPhase section */

/* Begin PBXSourcesBuildPhase section */
		A70000000000000000000001 /* Sources */ = {
			isa = PBXSourcesBuildPhase;
			buildActionMask = 2147483647;
			files = (
				A10000000000000000000001 /* App.swift in Sources */,
			);
			runOnlyForDeploymentPostprocessing = 0;
		};
/* End PBXSourcesBuildPhase section */

/* Begin XCBuildConfiguration section */
		B00000000000000000000001 /* Debug */ = {
			isa = XCBuildConfiguration;
			buildSettings = {
				IPHONEOS_DEPLOYMENT_TARGET = 16.0;
				PRODUCT_BUNDLE_IDENTIFIER = com.s345612lang.iPhoneGPSLocationHelper;
				PRODUCT_NAME = iPhoneGPSLocationHelper;
				SWIFT_VERSION = 5.0;
				TARGETED_DEVICE_FAMILY = "1";
			};
			name = Debug;
		};
		B00000000000000000000002 /* Release */ = {
			isa = XCBuildConfiguration;
			buildSettings = {
				IPHONEOS_DEPLOYMENT_TARGET = 16.0;
				PRODUCT_BUNDLE_IDENTIFIER = com.s345612lang.iPhoneGPSLocationHelper;
				PRODUCT_NAME = iPhoneGPSLocationHelper;
				SWIFT_VERSION = 5.0;
				TARGETED_DEVICE_FAMILY = "1";
			};
			name = Release;
		};
		B00000000000000000000003 /* Debug Target */ = {
			isa = XCBuildConfiguration;
			buildSettings = {
				GENERATE_INFOPLIST_FILE = NO;
				INFOPLIST_FILE = Info.plist;
				IPHONEOS_DEPLOYMENT_TARGET = 16.0;
				PRODUCT_BUNDLE_IDENTIFIER = com.s345612lang.iPhoneGPSLocationHelper;
				PRODUCT_NAME = iPhoneGPSLocationHelper;
				SWIFT_VERSION = 5.0;
				TARGETED_DEVICE_FAMILY = "1";
			};
			name = Debug;
		};
		B00000000000000000000004 /* Release Target */ = {
			isa = XCBuildConfiguration;
			buildSettings = {
				GENERATE_INFOPLIST_FILE = NO;
				INFOPLIST_FILE = Info.plist;
				IPHONEOS_DEPLOYMENT_TARGET = 16.0;
				PRODUCT_BUNDLE_IDENTIFIER = com.s345612lang.iPhoneGPSLocationHelper;
				PRODUCT_NAME = iPhoneGPSLocationHelper;
				SWIFT_VERSION = 5.0;
				TARGETED_DEVICE_FAMILY = "1";
			};
			name = Release;
		};
/* End XCBuildConfiguration section */

/* Begin XCConfigurationList section */
		A60000000000000000000001 /* Build configuration list for PBXProject "iPhoneGPSLocationHelper" */ = {
			isa = XCConfigurationList;
			buildConfigurations = (
				B00000000000000000000001 /* Debug */,
				B00000000000000000000002 /* Release */,
			);
			defaultConfigurationIsVisible = 0;
			defaultConfigurationName = Release;
		};
		A60000000000000000000002 /* Build configuration list for PBXNativeTarget "iPhoneGPSLocationHelper" */ = {
			isa = XCConfigurationList;
			buildConfigurations = (
				B00000000000000000000003 /* Debug Target */,
				B00000000000000000000004 /* Release Target */,
			);
			defaultConfigurationIsVisible = 0;
			defaultConfigurationName = Release;
		};
/* End XCConfigurationList section */
	};
	rootObject = A90000000000000000000001 /* Project object */;
}
